
Microsoft Visual Studio Solution File, Format Version 12.00
# Visual Studio Version 17
VisualStudioVersion = 17.14.36429.23 d17.14
MinimumVisualStudioVersion = 10.0.40219.1
Project("{FAE04EC0-301F-11D3-BF4B-00C04F79EFBC}") = "PescuirtTel", "PescuirtTel\PescuirtTel.csproj", "{C99CA189-7921-48D4-A2E0-579CF0F44430}"
EndProject
Global
	GlobalSection(SolutionConfigurationPlatforms) = preSolution
		Debug|Any CPU = Debug|Any CPU
		Release|Any CPU = Release|Any CPU
	EndGlobalSection
	GlobalSection(ProjectConfigurationPlatforms) = postSolution
		{C99CA189-7921-48D4-A2E0-579CF0F44430}.Debug|Any CPU.ActiveCfg = Debug|Any CPU
		{C99CA189-7921-48D4-A2E0-579CF0F44430}.Debug|Any CPU.Build.0 = Debug|Any CPU
		{C99CA189-7921-48D4-A2E0-579CF0F44430}.Release|Any CPU.ActiveCfg = Release|Any CPU
		{C99CA189-7921-48D4-A2E0-579CF0F44430}.Release|Any CPU.Build.0 = Release|Any CPU
	EndGlobalSection
	GlobalSection(SolutionProperties) = preSolution
		HideSolutionNode = FALSE
	EndGlobalSection
	GlobalSection(ExtensibilityGlobals) = postSolution
		SolutionGuid = {96534DA5-89A8-49C6-B60C-9E3976AA65E2}
	EndGlobalSection
EndGlobal
