
Microsoft Visual Studio Solution File, Format Version 12.00
# Visual Studio Version 17
VisualStudioVersion = 17.14.36429.23 d17.14
MinimumVisualStudioVersion = 10.0.40219.1
Project("{FAE04EC0-301F-11D3-BF4B-00C04F79EFBC}") = "Testul", "Testul\Testul.csproj", "{2F5F9356-923B-4B33-BB04-D83273B3AA19}"
EndProject
Global
	GlobalSection(SolutionConfigurationPlatforms) = preSolution
		Debug|Any CPU = Debug|Any CPU
		Release|Any CPU = Release|Any CPU
	EndGlobalSection
	GlobalSection(ProjectConfigurationPlatforms) = postSolution
		{2F5F9356-923B-4B33-BB04-D83273B3AA19}.Debug|Any CPU.ActiveCfg = Debug|Any CPU
		{2F5F9356-923B-4B33-BB04-D83273B3AA19}.Debug|Any CPU.Build.0 = Debug|Any CPU
		{2F5F9356-923B-4B33-BB04-D83273B3AA19}.Release|Any CPU.ActiveCfg = Release|Any CPU
		{2F5F9356-923B-4B33-BB04-D83273B3AA19}.Release|Any CPU.Build.0 = Release|Any CPU
	EndGlobalSection
	GlobalSection(SolutionProperties) = preSolution
		HideSolutionNode = FALSE
	EndGlobalSection
	GlobalSection(ExtensibilityGlobals) = postSolution
		SolutionGuid = {5CA199EB-3EEF-4DD4-B791-CE9F72C5A830}
	EndGlobalSection
EndGlobal
