
Microsoft Visual Studio Solution File, Format Version 12.00
# Visual Studio Version 17
VisualStudioVersion = 17.14.36429.23 d17.14
MinimumVisualStudioVersion = 10.0.40219.1
Project("{FAE04EC0-301F-11D3-BF4B-00C04F79EFBC}") = "p07_String", "p07_String\p07_String.csproj", "{555C55CA-825A-49A5-826B-A480DE556BE0}"
EndProject
Global
	GlobalSection(SolutionConfigurationPlatforms) = preSolution
		Debug|Any CPU = Debug|Any CPU
		Release|Any CPU = Release|Any CPU
	EndGlobalSection
	GlobalSection(ProjectConfigurationPlatforms) = postSolution
		{555C55CA-825A-49A5-826B-A480DE556BE0}.Debug|Any CPU.ActiveCfg = Debug|Any CPU
		{555C55CA-825A-49A5-826B-A480DE556BE0}.Debug|Any CPU.Build.0 = Debug|Any CPU
		{555C55CA-825A-49A5-826B-A480DE556BE0}.Release|Any CPU.ActiveCfg = Release|Any CPU
		{555C55CA-825A-49A5-826B-A480DE556BE0}.Release|Any CPU.Build.0 = Release|Any CPU
	EndGlobalSection
	GlobalSection(SolutionProperties) = preSolution
		HideSolutionNode = FALSE
	EndGlobalSection
	GlobalSection(ExtensibilityGlobals) = postSolution
		SolutionGuid = {4CA956A7-B626-4218-85DE-103990D60472}
	EndGlobalSection
EndGlobal
